
Microsoft Visual Studio Solution File, Format Version 12.00
# Visual Studio Version 16
VisualStudioVersion = 16.0.33027.164
MinimumVisualStudioVersion = 10.0.40219.1
Project("{FAE04EC0-301F-11D3-BF4B-00C04F79EFBC}") = "2", "2\2.csproj", "{4BD1E14E-A31B-4981-8616-97F1594B8C53}"
EndProject
Global
	GlobalSection(SolutionConfigurationPlatforms) = preSolution
		Debug|Any CPU = Debug|Any CPU
		Release|Any CPU = Release|Any CPU
	EndGlobalSection
	GlobalSection(ProjectConfigurationPlatforms) = postSolution
		{4BD1E14E-A31B-4981-8616-97F1594B8C53}.Debug|Any CPU.ActiveCfg = Debug|Any CPU
		{4BD1E14E-A31B-4981-8616-97F1594B8C53}.Debug|Any CPU.Build.0 = Debug|Any CPU
		{4BD1E14E-A31B-4981-8616-97F1594B8C53}.Release|Any CPU.ActiveCfg = Release|Any CPU
		{4BD1E14E-A31B-4981-8616-97F1594B8C53}.Release|Any CPU.Build.0 = Release|Any CPU
	EndGlobalSection
	GlobalSection(SolutionProperties) = preSolution
		HideSolutionNode = FALSE
	EndGlobalSection
	GlobalSection(ExtensibilityGlobals) = postSolution
		SolutionGuid = {9C30A764-A9E9-4062-8943-473B849085CE}
	EndGlobalSection
EndGlobal
